
Microsoft Visual Studio Solution File, Format Version 12.00
# Visual Studio Version 16
VisualStudioVersion = 16.0.30907.101
MinimumVisualStudioVersion = 10.0.40219.1
Project("{FAE04EC0-301F-11D3-BF4B-00C04F79EFBC}") = "Lime_Store", "Lime_Store\Lime_Store.csproj", "{B000F17F-6A04-4EC7-9752-53CE3F13BDC9}"
EndProject
Global
	GlobalSection(SolutionConfigurationPlatforms) = preSolution
		Debug|Any CPU = Debug|Any CPU
		Release|Any CPU = Release|Any CPU
	EndGlobalSection
	GlobalSection(ProjectConfigurationPlatforms) = postSolution
		{B000F17F-6A04-4EC7-9752-53CE3F13BDC9}.Debug|Any CPU.ActiveCfg = Debug|Any CPU
		{B000F17F-6A04-4EC7-9752-53CE3F13BDC9}.Debug|Any CPU.Build.0 = Debug|Any CPU
		{B000F17F-6A04-4EC7-9752-53CE3F13BDC9}.Release|Any CPU.ActiveCfg = Release|Any CPU
		{B000F17F-6A04-4EC7-9752-53CE3F13BDC9}.Release|Any CPU.Build.0 = Release|Any CPU
	EndGlobalSection
	GlobalSection(SolutionProperties) = preSolution
		HideSolutionNode = FALSE
	EndGlobalSection
	GlobalSection(ExtensibilityGlobals) = postSolution
		SolutionGuid = {70D0B7B9-448D-46D6-9AC5-2FE47C412953}
	EndGlobalSection
EndGlobal
